// !$*UTF8*$!
{
	archiveVersion = 1;
	classes = {
	};
	objectVersion = 77;
	objects = {

/* Begin PBXBuildFile section */
		9E8067822FBB6A10001E108F /* FirebaseAppCheck in Frameworks */ = {isa = PBXBuildFile; productRef = 9E8067812FBB6A10001E108F /* FirebaseAppCheck */; };
		9E8067842FBB6A10001E108F /* FirebaseAuth in Frameworks */ = {isa = PBXBuildFile; productRef = 9E8067832FBB6A10001E108F /* FirebaseAuth */; };
		9E8067862FBB6A10001E108F /* FirebaseDatabase in Frameworks */ = {isa = PBXBuildFile; productRef = 9E8067852FBB6A10001E108F /* FirebaseDatabase */; };
		9E8067882FBB6A10001E108F /* FirebaseFirestore in Frameworks */ = {isa = PBXBuildFile; productRef = 9E8067872FBB6A10001E108F /* FirebaseFirestore */; };
		9E80678A2FBB6A10001E108F /* FirebaseMessaging in Frameworks */ = {isa = PBXBuildFile; productRef = 9E8067892FBB6A10001E108F /* FirebaseMessaging */; };
		9E80678C2FBB6A10001E108F /* FirebaseStorage in Frameworks */ = {isa = PBXBuildFile; productRef = 9E80678B2FBB6A10001E108F /* FirebaseStorage */; };
		9E80678F2FBB6A53001E108F /* GoogleSignIn in Frameworks */ = {isa = PBXBuildFile; productRef = 9E80678E2FBB6A53001E108F /* GoogleSignIn */; };
		9E8067912FBB6A53001E108F /* GoogleSignInSwift in Frameworks */ = {isa = PBXBuildFile; productRef = 9E8067902FBB6A53001E108F /* GoogleSignInSwift */; };
		9E8067942FBB6B6D001E108F /* FirebaseFunctions in Frameworks */ = {isa = PBXBuildFile; productRef = 9E8067932FBB6B6D001E108F /* FirebaseFunctions */; };
/* End PBXBuildFile section */

/* Begin PBXFileReference section */
		9E8067142FBB6930001E108F /* GiftSquad.app */ = {isa = PBXFileReference; explicitFileType = wrapper.application; includeInIndex = 0; path = GiftSquad.app; sourceTree = BUILT_PRODUCTS_DIR; };
/* End PBXFileReference section */

/* Begin PBXFileSystemSynchronizedBuildFileExceptionSet section */
		9E8067982FBB7A25001E108F /* Exceptions for "GiftSquad" folder in "GiftSquad" target */ = {
			isa = PBXFileSystemSynchronizedBuildFileExceptionSet;
			membershipExceptions = (
				Info.plist,
			);
			target = 9E8067132FBB6930001E108F /* GiftSquad */;
		};
/* End PBXFileSystemSynchronizedBuildFileExceptionSet section */

/* Begin PBXFileSystemSynchronizedRootGroup section */
		9E8067162FBB6930001E108F /* GiftSquad */ = {
			isa = PBXFileSystemSynchronizedRootGroup;
			exceptions = (
				9E8067982FBB7A25001E108F /* Exceptions for "GiftSquad" folder in "GiftSquad" target */,
			);
			path = GiftSquad;
			sourceTree = "<group>";
		};
/* End PBXFileSystemSynchronizedRootGroup section */

/* Begin PBXFrameworksBuildPhase section */
		9E8067112FBB6930001E108F /* Frameworks */ = {
			isa = PBXFrameworksBuildPhase;
			buildActionMask = 2147483647;
			files = (
				9E8067862FBB6A10001E108F /* FirebaseDatabase in Frameworks */,
				9E8067882FBB6A10001E108F /* FirebaseFirestore in Frameworks */,
				9E80678A2FBB6A10001E108F /* FirebaseMessaging in Frameworks */,
				9E8067942FBB6B6D001E108F /* FirebaseFunctions in Frameworks */,
				9E8067912FBB6A53001E108F /* GoogleSignInSwift in Frameworks */,
				9E8067822FBB6A10001E108F /* FirebaseAppCheck in Frameworks */,
				9E8067842FBB6A10001E108F /* FirebaseAuth in Frameworks */,
				9E80678C2FBB6A10001E108F /* FirebaseStorage in Frameworks */,
				9E80678F2FBB6A53001E108F /* GoogleSignIn in Frameworks */,
			);
			runOnlyForDeploymentPostprocessing = 0;
		};
/* End PBXFrameworksBuildPhase section */

/* Begin PBXGroup section */
		9E80670B2FBB6930001E108F = {
			isa = PBXGroup;
			children = (
				9E8067162FBB6930001E108F /* GiftSquad */,
				9E8067922FBB6B6D001E108F /* Frameworks */,
				9E8067152FBB6930001E108F /* Products */,
			);
			sourceTree = "<group>";
		};
		9E8067152FBB6930001E108F /* Products */ = {
			isa = PBXGroup;
			children = (
				9E8067142FBB6930001E108F /* GiftSquad.app */,
			);
			name = Products;
			sourceTree = "<group>";
		};
		9E8067922FBB6B6D001E108F /* Frameworks */ = {
			isa = PBXGroup;
			children = (
			);
			name = Frameworks;
			sourceTree = "<group>";
		};
/* End PBXGroup section */

/* Begin PBXNativeTarget section */
		9E8067132FBB6930001E108F /* GiftSquad */ = {
			isa = PBXNativeTarget;
			buildConfigurationList = 9E80671F2FBB6931001E108F /* Build configuration list for PBXNativeTarget "GiftSquad" */;
			buildPhases = (
				9E8067102FBB6930001E108F /* Sources */,
				9E8067112FBB6930001E108F /* Frameworks */,
				9E8067122FBB6930001E108F /* Resources */,
			);
			buildRules = (
			);
			dependencies = (
			);
			fileSystemSynchronizedGroups = (
				9E8067162FBB6930001E108F /* GiftSquad */,
			);
			name = GiftSquad;
			packageProductDependencies = (
				9E8067812FBB6A10001E108F /* FirebaseAppCheck */,
				9E8067832FBB6A10001E108F /* FirebaseAuth */,
				9E8067852FBB6A10001E108F /* FirebaseDatabase */,
				9E8067872FBB6A10001E108F /* FirebaseFirestore */,
				9E8067892FBB6A10001E108F /* FirebaseMessaging */,
				9E80678B2FBB6A10001E108F /* FirebaseStorage */,
				9E80678E2FBB6A53001E108F /* GoogleSignIn */,
				9E8067902FBB6A53001E108F /* GoogleSignInSwift */,
				9E8067932FBB6B6D001E108F /* FirebaseFunctions */,
			);
			productName = GiftSquad;
			productReference = 9E8067142FBB6930001E108F /* GiftSquad.app */;
			productType = "com.apple.product-type.application";
		};
/* End PBXNativeTarget section */

/* Begin PBXProject section */
		9E80670C2FBB6930001E108F /* Project object */ = {
			isa = PBXProject;
			attributes = {
				BuildIndependentTargetsInParallel = 1;
				LastSwiftUpdateCheck = 2630;
				LastUpgradeCheck = 2630;
				TargetAttributes = {
					9E8067132FBB6930001E108F = {
						CreatedOnToolsVersion = 26.3;
					};
				};
			};
			buildConfigurationList = 9E80670F2FBB6930001E108F /* Build configuration list for PBXProject "GiftSquad" */;
			developmentRegion = en;
			hasScannedForEncodings = 0;
			knownRegions = (
				en,
				Base,
			);
			mainGroup = 9E80670B2FBB6930001E108F;
			minimizedProjectReferenceProxies = 1;
			packageReferences = (
				9E8067802FBB6A10001E108F /* XCRemoteSwiftPackageReference "firebase-ios-sdk" */,
				9E80678D2FBB6A53001E108F /* XCRemoteSwiftPackageReference "GoogleSignIn-IOS" */,
			);
			preferredProjectObjectVersion = 77;
			productRefGroup = 9E8067152FBB6930001E108F /* Products */;
			projectDirPath = "";
			projectRoot = "";
			targets = (
				9E8067132FBB6930001E108F /* GiftSquad */,
			);
		};
/* End PBXProject section */

/* Begin PBXResourcesBuildPhase section */
		9E8067122FBB6930001E108F /* Resources */ = {
			isa = PBXResourcesBuildPhase;
			buildActionMask = 2147483647;
			files = (
			);
			runOnlyForDeploymentPostprocessing = 0;
		};
/* End PBXResourcesBuildPhase section */

/* Begin PBXSourcesBuildPhase section */
		9E8067102FBB6930001E108F /* Sources */ = {
			isa = PBXSourcesBuildPhase;
			buildActionMask = 2147483647;
			files = (
			);
			runOnlyForDeploymentPostprocessing = 0;
		};
/* End PBXSourcesBuildPhase section */

/* Begin XCBuildConfiguration section */
		9E80671D2FBB6931001E108F /* Debug */ = {
			isa = XCBuildConfiguration;
			buildSettings = {
				ALWAYS_SEARCH_USER_PATHS = NO;
				ASSETCATALOG_COMPILER_GENERATE_SWIFT_ASSET_SYMBOL_EXTENSIONS = YES;
				CLANG_ANALYZER_NONNULL = YES;
				CLANG_ANALYZER_NUMBER_OBJECT_CONVERSION = YES_AGGRESSIVE;
				CLANG_CXX_LANGUAGE_STANDARD = "gnu++20";
				CLANG_ENABLE_MODULES = YES;
				CLANG_ENABLE_OBJC_ARC = YES;
				CLANG_ENABLE_OBJC_WEAK = YES;
				CLANG_WARN_BLOCK_CAPTURE_AUTORELEASING = YES;
				CLANG_WARN_BOOL_CONVERSION = YES;
				CLANG_WARN_COMMA = YES;
				CLANG_WARN_CONSTANT_CONVERSION = YES;
				CLANG_WARN_DEPRECATED_OBJC_IMPLEMENTATIONS = YES;
				CLANG_WARN_DIRECT_OBJC_ISA_USAGE = YES_ERROR;
				CLANG_WARN_DOCUMENTATION_COMMENTS = YES;
				CLANG_WARN_EMPTY_BODY = YES;
				CLANG_WARN_ENUM_CONVERSION = YES;
				CLANG_WARN_INFINITE_RECURSION = YES;
				CLANG_WARN_INT_CONVERSION = YES;
				CLANG_WARN_NON_LITERAL_NULL_CONVERSION = YES;
				CLANG_WARN_OBJC_IMPLICIT_RETAIN_SELF = YES;
				CLANG_WARN_OBJC_LITERAL_CONVERSION = YES;
				CLANG_WARN_OBJC_ROOT_CLASS = YES_ERROR;
				CLANG_WARN_QUOTED_INCLUDE_IN_FRAMEWORK_HEADER = YES;
				CLANG_WARN_RANGE_LOOP_ANALYSIS = YES;
				CLANG_WARN_STRICT_PROTOTYPES = YES;
				CLANG_WARN_SUSPICIOUS_MOVE = YES;
				CLANG_WARN_UNGUARDED_AVAILABILITY = YES_AGGRESSIVE;
				CLANG_WARN_UNREACHABLE_CODE = YES;
				CLANG_WARN__DUPLICATE_METHOD_MATCH = YES;
				COPY_PHASE_STRIP = NO;
				DEBUG_INFORMATION_FORMAT = dwarf;
				DEVELOPMENT_TEAM = D45LVGVB58;
				ENABLE_STRICT_OBJC_MSGSEND = YES;
				ENABLE_TESTABILITY = YES;
				ENABLE_USER_SCRIPT_SANDBOXING = YES;
				GCC_C_LANGUAGE_STANDARD = gnu17;
				GCC_DYNAMIC_NO_PIC = NO;
				GCC_NO_COMMON_BLOCKS = YES;
				GCC_OPTIMIZATION_LEVEL = 0;
				GCC_PREPROCESSOR_DEFINITIONS = (
					"DEBUG=1",
					"$(inherited)",
				);
				GCC_WARN_64_TO_32_BIT_CONVERSION = YES;
				GCC_WARN_ABOUT_RETURN_TYPE = YES_ERROR;
				GCC_WARN_UNDECLARED_SELECTOR = YES;
				GCC_WARN_UNINITIALIZED_AUTOS = YES_AGGRESSIVE;
				GCC_WARN_UNUSED_FUNCTION = YES;
				GCC_WARN_UNUSED_VARIABLE = YES;
				IPHONEOS_DEPLOYMENT_TARGET = 26.2;
				LOCALIZATION_PREFERS_STRING_CATALOGS = YES;
				MTL_ENABLE_DEBUG_INFO = INCLUDE_SOURCE;
				MTL_FAST_MATH = YES;
				ONLY_ACTIVE_ARCH = YES;
				SDKROOT = iphoneos;
				SWIFT_ACTIVE_COMPILATION_CONDITIONS = "DEBUG $(inherited)";
				SWIFT_OPTIMIZATION_LEVEL = "-Onone";
			};
			name = Debug;
		};
		9E80671E2FBB6931001E108F /* Release */ = {
			isa = XCBuildConfiguration;
			buildSettings = {
				ALWAYS_SEARCH_USER_PATHS = NO;
				ASSETCATALOG_COMPILER_GENERATE_SWIFT_ASSET_SYMBOL_EXTENSIONS = YES;
				CLANG_ANALYZER_NONNULL = YES;
				CLANG_ANALYZER_NUMBER_OBJECT_CONVERSION = YES_AGGRESSIVE;
				CLANG_CXX_LANGUAGE_STANDARD = "gnu++20";
				CLANG_ENABLE_MODULES = YES;
				CLANG_ENABLE_OBJC_ARC = YES;
				CLANG_ENABLE_OBJC_WEAK = YES;
				CLANG_WARN_BLOCK_CAPTURE_AUTORELEASING = YES;
				CLANG_WARN_BOOL_CONVERSION = YES;
				CLANG_WARN_COMMA = YES;
				CLANG_WARN_CONSTANT_CONVERSION = YES;
				CLANG_WARN_DEPRECATED_OBJC_IMPLEMENTATIONS = YES;
				CLANG_WARN_DIRECT_OBJC_ISA_USAGE = YES_ERROR;
				CLANG_WARN_DOCUMENTATION_COMMENTS = YES;
				CLANG_WARN_EMPTY_BODY = YES;
				CLANG_WARN_ENUM_CONVERSION = YES;
				CLANG_WARN_INFINITE_RECURSION = YES;
				CLANG_WARN_INT_CONVERSION = YES;
				CLANG_WARN_NON_LITERAL_NULL_CONVERSION = YES;
				CLANG_WARN_OBJC_IMPLICIT_RETAIN_SELF = YES;
				CLANG_WARN_OBJC_LITERAL_CONVERSION = YES;
				CLANG_WARN_OBJC_ROOT_CLASS = YES_ERROR;
				CLANG_WARN_QUOTED_INCLUDE_IN_FRAMEWORK_HEADER = YES;
				CLANG_WARN_RANGE_LOOP_ANALYSIS = YES;
				CLANG_WARN_STRICT_PROTOTYPES = YES;
				CLANG_WARN_SUSPICIOUS_MOVE = YES;
				CLANG_WARN_UNGUARDED_AVAILABILITY = YES_AGGRESSIVE;
				CLANG_WARN_UNREACHABLE_CODE = YES;
				CLANG_WARN__DUPLICATE_METHOD_MATCH = YES;
				COPY_PHASE_STRIP = NO;
				DEBUG_INFORMATION_FORMAT = "dwarf-with-dsym";
				DEVELOPMENT_TEAM = D45LVGVB58;
				ENABLE_NS_ASSERTIONS = NO;
				ENABLE_STRICT_OBJC_MSGSEND = YES;
				ENABLE_USER_SCRIPT_SANDBOXING = YES;
				GCC_C_LANGUAGE_STANDARD = gnu17;
				GCC_NO_COMMON_BLOCKS = YES;
				GCC_WARN_64_TO_32_BIT_CONVERSION = YES;
				GCC_WARN_ABOUT_RETURN_TYPE = YES_ERROR;
				GCC_WARN_UNDECLARED_SELECTOR = YES;
				GCC_WARN_UNINITIALIZED_AUTOS = YES_AGGRESSIVE;
				GCC_WARN_UNUSED_FUNCTION = YES;
				GCC_WARN_UNUSED_VARIABLE = YES;
				IPHONEOS_DEPLOYMENT_TARGET = 26.2;
				LOCALIZATION_PREFERS_STRING_CATALOGS = YES;
				MTL_ENABLE_DEBUG_INFO = NO;
				MTL_FAST_MATH = YES;
				SDKROOT = iphoneos;
				SWIFT_COMPILATION_MODE = wholemodule;
				VALIDATE_PRODUCT = YES;
			};
			name = Release;
		};
		9E8067202FBB6931001E108F /* Debug */ = {
			isa = XCBuildConfiguration;
			buildSettings = {
				ASSETCATALOG_COMPILER_APPICON_NAME = AppIcon;
				ASSETCATALOG_COMPILER_GLOBAL_ACCENT_COLOR_NAME = AccentColor;
				CODE_SIGN_ENTITLEMENTS = GiftSquad/GiftSquad.entitlements;
				CODE_SIGN_STYLE = Automatic;
				CURRENT_PROJECT_VERSION = 1;
				DEVELOPMENT_TEAM = D45LVGVB58;
				ENABLE_PREVIEWS = YES;
				GENERATE_INFOPLIST_FILE = YES;
				INFOPLIST_FILE = GiftSquad/Info.plist;
				INFOPLIST_KEY_UIApplicationSceneManifest_Generation = YES;
				INFOPLIST_KEY_UIApplicationSupportsIndirectInputEvents = YES;
				INFOPLIST_KEY_UILaunchScreen_Generation = YES;
				INFOPLIST_KEY_UISupportedInterfaceOrientations_iPad = "UIInterfaceOrientationPortrait UIInterfaceOrientationPortraitUpsideDown UIInterfaceOrientationLandscapeLeft UIInterfaceOrientationLandscapeRight";
				INFOPLIST_KEY_UISupportedInterfaceOrientations_iPhone = "UIInterfaceOrientationPortrait UIInterfaceOrientationLandscapeLeft UIInterfaceOrientationLandscapeRight";
				LD_RUNPATH_SEARCH_PATHS = (
					"$(inherited)",
					"@executable_path/Frameworks",
				);
				MARKETING_VERSION = 1.0;
				PRODUCT_BUNDLE_IDENTIFIER = com.diegoshhh.GiftSquad;
				PRODUCT_NAME = "$(TARGET_NAME)";
				STRING_CATALOG_GENERATE_SYMBOLS = YES;
				SWIFT_APPROACHABLE_CONCURRENCY = YES;
				SWIFT_DEFAULT_ACTOR_ISOLATION = MainActor;
				SWIFT_EMIT_LOC_STRINGS = YES;
				SWIFT_UPCOMING_FEATURE_MEMBER_IMPORT_VISIBILITY = YES;
				SWIFT_VERSION = 5.0;
				TARGETED_DEVICE_FAMILY = "1,2";
			};
			name = Debug;
		};
		9E8067212FBB6931001E108F /* Release */ = {
			isa = XCBuildConfiguration;
			buildSettings = {
				ASSETCATALOG_COMPILER_APPICON_NAME = AppIcon;
				ASSETCATALOG_COMPILER_GLOBAL_ACCENT_COLOR_NAME = AccentColor;
				CODE_SIGN_ENTITLEMENTS = GiftSquad/GiftSquad.entitlements;
				CODE_SIGN_STYLE = Automatic;
				CURRENT_PROJECT_VERSION = 1;
				DEVELOPMENT_TEAM = D45LVGVB58;
				ENABLE_PREVIEWS = YES;
				GENERATE_INFOPLIST_FILE = YES;
				INFOPLIST_FILE = GiftSquad/Info.plist;
				INFOPLIST_KEY_UIApplicationSceneManifest_Generation = YES;
				INFOPLIST_KEY_UIApplicationSupportsIndirectInputEvents = YES;
				INFOPLIST_KEY_UILaunchScreen_Generation = YES;
				INFOPLIST_KEY_UISupportedInterfaceOrientations_iPad = "UIInterfaceOrientationPortrait UIInterfaceOrientationPortraitUpsideDown UIInterfaceOrientationLandscapeLeft UIInterfaceOrientationLandscapeRight";
				INFOPLIST_KEY_UISupportedInterfaceOrientations_iPhone = "UIInterfaceOrientationPortrait UIInterfaceOrientationLandscapeLeft UIInterfaceOrientationLandscapeRight";
				LD_RUNPATH_SEARCH_PATHS = (
					"$(inherited)",
					"@executable_path/Frameworks",
				);
				MARKETING_VERSION = 1.0;
				PRODUCT_BUNDLE_IDENTIFIER = com.diegoshhh.GiftSquad;
				PRODUCT_NAME = "$(TARGET_NAME)";
				STRING_CATALOG_GENERATE_SYMBOLS = YES;
				SWIFT_APPROACHABLE_CONCURRENCY = YES;
				SWIFT_DEFAULT_ACTOR_ISOLATION = MainActor;
				SWIFT_EMIT_LOC_STRINGS = YES;
				SWIFT_UPCOMING_FEATURE_MEMBER_IMPORT_VISIBILITY = YES;
				SWIFT_VERSION = 5.0;
				TARGETED_DEVICE_FAMILY = "1,2";
			};
			name = Release;
		};
/* End XCBuildConfiguration section */

/* Begin XCConfigurationList section */
		9E80670F2FBB6930001E108F /* Build configuration list for PBXProject "GiftSquad" */ = {
			isa = XCConfigurationList;
			buildConfigurations = (
				9E80671D2FBB6931001E108F /* Debug */,
				9E80671E2FBB6931001E108F /* Release */,
			);
			defaultConfigurationIsVisible = 0;
			defaultConfigurationName = Release;
		};
		9E80671F2FBB6931001E108F /* Build configuration list for PBXNativeTarget "GiftSquad" */ = {
			isa = XCConfigurationList;
			buildConfigurations = (
				9E8067202FBB6931001E108F /* Debug */,
				9E8067212FBB6931001E108F /* Release */,
			);
			defaultConfigurationIsVisible = 0;
			defaultConfigurationName = Release;
		};
/* End XCConfigurationList section */

/* Begin XCRemoteSwiftPackageReference section */
		9E8067802FBB6A10001E108F /* XCRemoteSwiftPackageReference "firebase-ios-sdk" */ = {
			isa = XCRemoteSwiftPackageReference;
			repositoryURL = "https://github.com/firebase/firebase-ios-sdk";
			requirement = {
				kind = upToNextMajorVersion;
				minimumVersion = 12.13.0;
			};
		};
		9E80678D2FBB6A53001E108F /* XCRemoteSwiftPackageReference "GoogleSignIn-IOS" */ = {
			isa = XCRemoteSwiftPackageReference;
			repositoryURL = "https://github.com/google/GoogleSignIn-IOS";
			requirement = {
				kind = upToNextMajorVersion;
				minimumVersion = 9.1.0;
			};
		};
/* End XCRemoteSwiftPackageReference section */

/* Begin XCSwiftPackageProductDependency section */
		9E8067812FBB6A10001E108F /* FirebaseAppCheck */ = {
			isa = XCSwiftPackageProductDependency;
			package = 9E8067802FBB6A10001E108F /* XCRemoteSwiftPackageReference "firebase-ios-sdk" */;
			productName = FirebaseAppCheck;
		};
		9E8067832FBB6A10001E108F /* FirebaseAuth */ = {
			isa = XCSwiftPackageProductDependency;
			package = 9E8067802FBB6A10001E108F /* XCRemoteSwiftPackageReference "firebase-ios-sdk" */;
			productName = FirebaseAuth;
		};
		9E8067852FBB6A10001E108F /* FirebaseDatabase */ = {
			isa = XCSwiftPackageProductDependency;
			package = 9E8067802FBB6A10001E108F /* XCRemoteSwiftPackageReference "firebase-ios-sdk" */;
			productName = FirebaseDatabase;
		};
		9E8067872FBB6A10001E108F /* FirebaseFirestore */ = {
			isa = XCSwiftPackageProductDependency;
			package = 9E8067802FBB6A10001E108F /* XCRemoteSwiftPackageReference "firebase-ios-sdk" */;
			productName = FirebaseFirestore;
		};
		9E8067892FBB6A10001E108F /* FirebaseMessaging */ = {
			isa = XCSwiftPackageProductDependency;
			package = 9E8067802FBB6A10001E108F /* XCRemoteSwiftPackageReference "firebase-ios-sdk" */;
			productName = FirebaseMessaging;
		};
		9E80678B2FBB6A10001E108F /* FirebaseStorage */ = {
			isa = XCSwiftPackageProductDependency;
			package = 9E8067802FBB6A10001E108F /* XCRemoteSwiftPackageReference "firebase-ios-sdk" */;
			productName = FirebaseStorage;
		};
		9E80678E2FBB6A53001E108F /* GoogleSignIn */ = {
			isa = XCSwiftPackageProductDependency;
			package = 9E80678D2FBB6A53001E108F /* XCRemoteSwiftPackageReference "GoogleSignIn-IOS" */;
			productName = GoogleSignIn;
		};
		9E8067902FBB6A53001E108F /* GoogleSignInSwift */ = {
			isa = XCSwiftPackageProductDependency;
			package = 9E80678D2FBB6A53001E108F /* XCRemoteSwiftPackageReference "GoogleSignIn-IOS" */;
			productName = GoogleSignInSwift;
		};
		9E8067932FBB6B6D001E108F /* FirebaseFunctions */ = {
			isa = XCSwiftPackageProductDependency;
			package = 9E8067802FBB6A10001E108F /* XCRemoteSwiftPackageReference "firebase-ios-sdk" */;
			productName = FirebaseFunctions;
		};
/* End XCSwiftPackageProductDependency section */
	};
	rootObject = 9E80670C2FBB6930001E108F /* Project object */;
}
